<Solution>
  <Folder Name="/solution/">
    <File Path="AGENTS.md" />
    <File Path="Directory.Build.props" />
    <File Path="Directory.Packages.props" />
    <File Path="README.md" />
  </Folder>
  <Folder Name="/src/">
    <Project Path="src/Jarvis.Plugin/Jarvis.Plugin.csproj" />
  </Folder>
  <Folder Name="/service/">
    <Project Path="service/Jarvis.Service/Jarvis.Service.csproj" />
  </Folder>
  <Folder Name="/tests/">
    <Project Path="tests/Jarvis.Plugin.Tests/Jarvis.Plugin.Tests.csproj" />
  </Folder>
</Solution>
